
Microsoft Visual Studio Solution File, Format Version 12.00
# Visual Studio Version 16
VisualStudioVersion = 16.0.31624.102
MinimumVisualStudioVersion = 10.0.40219.1
Project("{FAE04EC0-301F-11D3-BF4B-00C04F79EFBC}") = "DiscordApi", "DiscordApi\DiscordApi.csproj", "{6EFC019C-497F-464D-BC49-3ABCD16D4C84}"
EndProject
Project("{FAE04EC0-301F-11D3-BF4B-00C04F79EFBC}") = "LeagueApi", "LeagueApi\LeagueApi.csproj", "{AC25D0B7-27C2-4C41-9E73-91D8E76B5CD2}"
EndProject
Global
	GlobalSection(SolutionConfigurationPlatforms) = preSolution
		Debug|Any CPU = Debug|Any CPU
		Release|Any CPU = Release|Any CPU
	EndGlobalSection
	GlobalSection(ProjectConfigurationPlatforms) = postSolution
		{6EFC019C-497F-464D-BC49-3ABCD16D4C84}.Debug|Any CPU.ActiveCfg = Debug|Any CPU
		{6EFC019C-497F-464D-BC49-3ABCD16D4C84}.Debug|Any CPU.Build.0 = Debug|Any CPU
		{6EFC019C-497F-464D-BC49-3ABCD16D4C84}.Release|Any CPU.ActiveCfg = Release|Any CPU
		{6EFC019C-497F-464D-BC49-3ABCD16D4C84}.Release|Any CPU.Build.0 = Release|Any CPU
		{AC25D0B7-27C2-4C41-9E73-91D8E76B5CD2}.Debug|Any CPU.ActiveCfg = Debug|Any CPU
		{AC25D0B7-27C2-4C41-9E73-91D8E76B5CD2}.Debug|Any CPU.Build.0 = Debug|Any CPU
		{AC25D0B7-27C2-4C41-9E73-91D8E76B5CD2}.Release|Any CPU.ActiveCfg = Release|Any CPU
		{AC25D0B7-27C2-4C41-9E73-91D8E76B5CD2}.Release|Any CPU.Build.0 = Release|Any CPU
	EndGlobalSection
	GlobalSection(SolutionProperties) = preSolution
		HideSolutionNode = FALSE
	EndGlobalSection
	GlobalSection(ExtensibilityGlobals) = postSolution
		SolutionGuid = {1E0D67A2-49DD-4C63-986C-5BEC0EC63E4B}
	EndGlobalSection
EndGlobal
